
Microsoft Visual Studio Solution File, Format Version 12.00
# Visual Studio 15
VisualStudioVersion = 15.0.26228.12
MinimumVisualStudioVersion = 10.0.40219.1
Project("{9A19103F-16F7-4668-BE54-9A1E7A4F7556}") = "XPShare.Web.UI", "Web.UI\XPShare.Web.UI.csproj", "{44D8C0E4-B2AB-48A4-BCA7-01A083C3A37E}"
EndProject
Project("{9A19103F-16F7-4668-BE54-9A1E7A4F7556}") = "XPShare.Domain", "Domain\XPShare.Domain.csproj", "{167C829B-32BC-4F03-95B9-90FE473116A2}"
EndProject
Project("{FAE04EC0-301F-11D3-BF4B-00C04F79EFBC}") = "XPShare.Domain.Stubs", "Domain.Stubs\XPShare.Domain.Stubs.csproj", "{BCE32B91-CB46-40A9-963B-47BE59616EC9}"
EndProject
Project("{FAE04EC0-301F-11D3-BF4B-00C04F79EFBC}") = "XPShare.DependencyInjection", "DependencyInjection\XPShare.DependencyInjection.csproj", "{B0399FA2-CF3D-43F7-B92F-92431C6AA508}"
EndProject
Global
	GlobalSection(SolutionConfigurationPlatforms) = preSolution
		Debug|Any CPU = Debug|Any CPU
		Release|Any CPU = Release|Any CPU
	EndGlobalSection
	GlobalSection(ProjectConfigurationPlatforms) = postSolution
		{44D8C0E4-B2AB-48A4-BCA7-01A083C3A37E}.Debug|Any CPU.ActiveCfg = Debug|Any CPU
		{44D8C0E4-B2AB-48A4-BCA7-01A083C3A37E}.Debug|Any CPU.Build.0 = Debug|Any CPU
		{44D8C0E4-B2AB-48A4-BCA7-01A083C3A37E}.Release|Any CPU.ActiveCfg = Release|Any CPU
		{44D8C0E4-B2AB-48A4-BCA7-01A083C3A37E}.Release|Any CPU.Build.0 = Release|Any CPU
		{167C829B-32BC-4F03-95B9-90FE473116A2}.Debug|Any CPU.ActiveCfg = Debug|Any CPU
		{167C829B-32BC-4F03-95B9-90FE473116A2}.Debug|Any CPU.Build.0 = Debug|Any CPU
		{167C829B-32BC-4F03-95B9-90FE473116A2}.Release|Any CPU.ActiveCfg = Release|Any CPU
		{167C829B-32BC-4F03-95B9-90FE473116A2}.Release|Any CPU.Build.0 = Release|Any CPU
		{BCE32B91-CB46-40A9-963B-47BE59616EC9}.Debug|Any CPU.ActiveCfg = Debug|Any CPU
		{BCE32B91-CB46-40A9-963B-47BE59616EC9}.Debug|Any CPU.Build.0 = Debug|Any CPU
		{BCE32B91-CB46-40A9-963B-47BE59616EC9}.Release|Any CPU.ActiveCfg = Release|Any CPU
		{BCE32B91-CB46-40A9-963B-47BE59616EC9}.Release|Any CPU.Build.0 = Release|Any CPU
		{B0399FA2-CF3D-43F7-B92F-92431C6AA508}.Debug|Any CPU.ActiveCfg = Debug|Any CPU
		{B0399FA2-CF3D-43F7-B92F-92431C6AA508}.Debug|Any CPU.Build.0 = Debug|Any CPU
		{B0399FA2-CF3D-43F7-B92F-92431C6AA508}.Release|Any CPU.ActiveCfg = Release|Any CPU
		{B0399FA2-CF3D-43F7-B92F-92431C6AA508}.Release|Any CPU.Build.0 = Release|Any CPU
	EndGlobalSection
	GlobalSection(SolutionProperties) = preSolution
		HideSolutionNode = FALSE
	EndGlobalSection
EndGlobal
